
Microsoft Visual Studio Solution File, Format Version 12.00
# Visual Studio Version 17
VisualStudioVersion = 17.1.32328.378
MinimumVisualStudioVersion = 10.0.40219.1
Project("{FAE04EC0-301F-11D3-BF4B-00C04F79EFBC}") = "Restaurant", "Restaurant\Restaurant.csproj", "{5F38FD4E-084D-463A-B502-86876E006AFB}"
EndProject
Global
	GlobalSection(SolutionConfigurationPlatforms) = preSolution
		Debug|Any CPU = Debug|Any CPU
		Release|Any CPU = Release|Any CPU
	EndGlobalSection
	GlobalSection(ProjectConfigurationPlatforms) = postSolution
		{5F38FD4E-084D-463A-B502-86876E006AFB}.Debug|Any CPU.ActiveCfg = Debug|Any CPU
		{5F38FD4E-084D-463A-B502-86876E006AFB}.Debug|Any CPU.Build.0 = Debug|Any CPU
		{5F38FD4E-084D-463A-B502-86876E006AFB}.Release|Any CPU.ActiveCfg = Release|Any CPU
		{5F38FD4E-084D-463A-B502-86876E006AFB}.Release|Any CPU.Build.0 = Release|Any CPU
	EndGlobalSection
	GlobalSection(SolutionProperties) = preSolution
		HideSolutionNode = FALSE
	EndGlobalSection
	GlobalSection(ExtensibilityGlobals) = postSolution
		SolutionGuid = {11BBECA0-F898-408C-9B94-A3B38B0009F6}
	EndGlobalSection
EndGlobal
